
Microsoft Visual Studio Solution File, Format Version 12.00
# Visual Studio Version 17
VisualStudioVersion = 17.11.35312.102
MinimumVisualStudioVersion = 10.0.40219.1
Project("{9A19103F-16F7-4668-BE54-9A1E7A4F7556}") = "BlazorWebApp", "BlazorWebApp\BlazorWebApp\BlazorWebApp.csproj", "{93A5550A-D9A1-4867-BFA5-13EFAB68566C}"
EndProject
Project("{9A19103F-16F7-4668-BE54-9A1E7A4F7556}") = "BlazorWebApp.Client", "BlazorWebApp\BlazorWebApp.Client\BlazorWebApp.Client.csproj", "{77E250AE-2EA4-477C-8CAC-6C888D6AB63E}"
EndProject
Project("{9A19103F-16F7-4668-BE54-9A1E7A4F7556}") = "MudBlazor.Shared", "BlazorWebApp\MudBlazor.Shared\MudBlazor.Shared.csproj", "{9FCD3CB7-0748-495D-B488-615568117A8B}"
EndProject
Global
	GlobalSection(SolutionConfigurationPlatforms) = preSolution
		Debug|Any CPU = Debug|Any CPU
		Release|Any CPU = Release|Any CPU
	EndGlobalSection
	GlobalSection(ProjectConfigurationPlatforms) = postSolution
		{93A5550A-D9A1-4867-BFA5-13EFAB68566C}.Debug|Any CPU.ActiveCfg = Debug|Any CPU
		{93A5550A-D9A1-4867-BFA5-13EFAB68566C}.Debug|Any CPU.Build.0 = Debug|Any CPU
		{93A5550A-D9A1-4867-BFA5-13EFAB68566C}.Release|Any CPU.ActiveCfg = Release|Any CPU
		{93A5550A-D9A1-4867-BFA5-13EFAB68566C}.Release|Any CPU.Build.0 = Release|Any CPU
		{77E250AE-2EA4-477C-8CAC-6C888D6AB63E}.Debug|Any CPU.ActiveCfg = Debug|Any CPU
		{77E250AE-2EA4-477C-8CAC-6C888D6AB63E}.Debug|Any CPU.Build.0 = Debug|Any CPU
		{77E250AE-2EA4-477C-8CAC-6C888D6AB63E}.Release|Any CPU.ActiveCfg = Release|Any CPU
		{77E250AE-2EA4-477C-8CAC-6C888D6AB63E}.Release|Any CPU.Build.0 = Release|Any CPU
		{9FCD3CB7-0748-495D-B488-615568117A8B}.Debug|Any CPU.ActiveCfg = Debug|Any CPU
		{9FCD3CB7-0748-495D-B488-615568117A8B}.Debug|Any CPU.Build.0 = Debug|Any CPU
		{9FCD3CB7-0748-495D-B488-615568117A8B}.Release|Any CPU.ActiveCfg = Release|Any CPU
		{9FCD3CB7-0748-495D-B488-615568117A8B}.Release|Any CPU.Build.0 = Release|Any CPU
	EndGlobalSection
	GlobalSection(SolutionProperties) = preSolution
		HideSolutionNode = FALSE
	EndGlobalSection
	GlobalSection(ExtensibilityGlobals) = postSolution
		SolutionGuid = {B1665F9F-AAA3-4BDA-938A-8C503B77BA18}
	EndGlobalSection
EndGlobal
